{
  "name": "tweet_to_hatebu",
  "version": "0.1.0",
  "lockfileVersion": 1,
  "requires": true,
  "dependencies": {
    "moment": {
      "version": "2.27.0",
      "resolved": "https://registry.npmjs.org/moment/-/moment-2.27.0.tgz",
      "integrity": "sha512-al0MUK7cpIcglMv3YF13qSgdAIqxHTO7brRtaz3DlSULbqfazqkc5kEjNrLDOM7fsjshoFIihnU8snrP7zUvhQ=="
    },
    "oauth-sign": {
      "version": "0.9.0",
      "resolved": "https://registry.npmjs.org/oauth-sign/-/oauth-sign-0.9.0.tgz",
      "integrity": "sha512-fexhUFFPTGV8ybAtSIGbV6gOkSv8UtRbDBnAyLQw4QPKkgNlsH2ByPGtMUqdWkos6YCRmAqViwgZrJc/mRDzZQ=="
    },
    "qs": {
      "version": "6.9.4",
      "resolved": "https://registry.npmjs.org/qs/-/qs-6.9.4.tgz",
      "integrity": "sha512-A1kFqHekCTM7cz0udomYUoYNWjBebHm/5wzU/XqrBRBNWectVH0QIiN+NEcZ0Dte5hvzHwbr8+XQmguPhJ6WdQ=="
    },
    "request-compose": {
      "version": "2.1.0",
      "resolved": "https://registry.npmjs.org/request-compose/-/request-compose-2.1.0.tgz",
      "integrity": "sha512-mIWvU9HA2whb/fHcqeQ0LQXAImCGISqUPyjuFF2rALhym2Fu4ebZGv7wxFA78rsJO/fn2OeEaK54TSjwSwRAFw=="
    },
    "request-oauth": {
      "version": "1.0.0",
      "resolved": "https://registry.npmjs.org/request-oauth/-/request-oauth-1.0.0.tgz",
      "integrity": "sha512-wsDzIq1Qu2itLDlcpFph8xh5Q+FVyUj4os5zdQTlZL/JvZYF/qOyaawVPsxxhDG4QwCB3tzSFprj6dkjqR+e8w==",
      "requires": {
        "oauth-sign": "^0.9.0",
        "qs": "^6.9.3",
        "uuid": "^3.4.0"
      }
    },
    "uuid": {
      "version": "3.4.0",
      "resolved": "https://registry.npmjs.org/uuid/-/uuid-3.4.0.tgz",
      "integrity": "sha512-HjSDRw6gZE5JMggctHBcjVak08+KEVhSIiDzFnT9S9aegmp85S/bReBVTb4QTFaRNptJ9kuYaNhnbNEOkbKb/A=="
    }
  }
}
